// !$*UTF8*$!
{
	archiveVersion = 1;
	classes = {
	};
	objectVersion = 77;
	objects = {

/* Begin PBXBuildFile section */
		C0E466C42F2622B900FA762A /* FirebaseAI in Frameworks */ = {isa = PBXBuildFile; productRef = C0E466C32F2622B900FA762A /* FirebaseAI */; };
		C0E466C62F2622B900FA762A /* FirebaseAILogic in Frameworks */ = {isa = PBXBuildFile; productRef = C0E466C52F2622B900FA762A /* FirebaseAILogic */; };
		C0E466C82F2622B900FA762A /* FirebaseAnalytics in Frameworks */ = {isa = PBXBuildFile; productRef = C0E466C72F2622B900FA762A /* FirebaseAnalytics */; };
		C0E466CA2F2622B900FA762A /* FirebaseAnalyticsCore in Frameworks */ = {isa = PBXBuildFile; productRef = C0E466C92F2622B900FA762A /* FirebaseAnalyticsCore */; };
		C0E466CC2F2622B900FA762A /* FirebaseAnalyticsIdentitySupport in Frameworks */ = {isa = PBXBuildFile; productRef = C0E466CB2F2622B900FA762A /* FirebaseAnalyticsIdentitySupport */; };
		C0E466CE2F2622B900FA762A /* FirebaseAppCheck in Frameworks */ = {isa = PBXBuildFile; productRef = C0E466CD2F2622B900FA762A /* FirebaseAppCheck */; };
		C0E466D02F2622B900FA762A /* FirebaseAppDistribution-Beta in Frameworks */ = {isa = PBXBuildFile; productRef = C0E466CF2F2622B900FA762A /* FirebaseAppDistribution-Beta */; };
		C0E466D22F2622B900FA762A /* FirebaseAuth in Frameworks */ = {isa = PBXBuildFile; productRef = C0E466D12F2622B900FA762A /* FirebaseAuth */; };
		C0E466D42F2622B900FA762A /* FirebaseAuthCombine-Community in Frameworks */ = {isa = PBXBuildFile; productRef = C0E466D32F2622B900FA762A /* FirebaseAuthCombine-Community */; };
		C0E466D62F2622B900FA762A /* FirebaseCore in Frameworks */ = {isa = PBXBuildFile; productRef = C0E466D52F2622B900FA762A /* FirebaseCore */; };
		C0E466D82F2622B900FA762A /* FirebaseCrashlytics in Frameworks */ = {isa = PBXBuildFile; productRef = C0E466D72F2622B900FA762A /* FirebaseCrashlytics */; };
		C0E466DA2F2622B900FA762A /* FirebaseDatabase in Frameworks */ = {isa = PBXBuildFile; productRef = C0E466D92F2622B900FA762A /* FirebaseDatabase */; };
		C0E466DC2F2622B900FA762A /* FirebaseFirestore in Frameworks */ = {isa = PBXBuildFile; productRef = C0E466DB2F2622B900FA762A /* FirebaseFirestore */; };
		C0E466DE2F2622B900FA762A /* FirebaseFirestoreCombine-Community in Frameworks */ = {isa = PBXBuildFile; productRef = C0E466DD2F2622B900FA762A /* FirebaseFirestoreCombine-Community */; };
		C0E466E02F2622B900FA762A /* FirebaseFunctions in Frameworks */ = {isa = PBXBuildFile; productRef = C0E466DF2F2622B900FA762A /* FirebaseFunctions */; };
		C0E466E22F2622B900FA762A /* FirebaseFunctionsCombine-Community in Frameworks */ = {isa = PBXBuildFile; productRef = C0E466E12F2622B900FA762A /* FirebaseFunctionsCombine-Community */; };
		C0E466E62F2622B900FA762A /* FirebaseInstallations in Frameworks */ = {isa = PBXBuildFile; productRef = C0E466E52F2622B900FA762A /* FirebaseInstallations */; };
		C0E466E82F2622B900FA762A /* FirebaseMLModelDownloader in Frameworks */ = {isa = PBXBuildFile; productRef = C0E466E72F2622B900FA762A /* FirebaseMLModelDownloader */; };
		C0E466EC2F2622B900FA762A /* FirebasePerformance in Frameworks */ = {isa = PBXBuildFile; productRef = C0E466EB2F2622B900FA762A /* FirebasePerformance */; };
		C0E466EE2F2622B900FA762A /* FirebaseRemoteConfig in Frameworks */ = {isa = PBXBuildFile; productRef = C0E466ED2F2622B900FA762A /* FirebaseRemoteConfig */; };
		C0E466F02F2622B900FA762A /* FirebaseStorage in Frameworks */ = {isa = PBXBuildFile; productRef = C0E466EF2F2622B900FA762A /* FirebaseStorage */; };
		C0E466F22F2622B900FA762A /* FirebaseStorageCombine-Community in Frameworks */ = {isa = PBXBuildFile; productRef = C0E466F12F2622B900FA762A /* FirebaseStorageCombine-Community */; };
/* End PBXBuildFile section */

/* Begin PBXFileReference section */
		C0D347992F1DDDB500E6611E /* TikTokTutorialPro.app */ = {isa = PBXFileReference; explicitFileType = wrapper.application; includeInIndex = 0; path = TikTokTutorialPro.app; sourceTree = BUILT_PRODUCTS_DIR; };
/* End PBXFileReference section */

/* Begin PBXFileSystemSynchronizedRootGroup section */
		C0D3479B2F1DDDB500E6611E /* TikTokTutorialPro */ = {
			isa = PBXFileSystemSynchronizedRootGroup;
			path = TikTokTutorialPro;
			sourceTree = "<group>";
		};
/* End PBXFileSystemSynchronizedRootGroup section */

/* Begin PBXFrameworksBuildPhase section */
		C0D347962F1DDDB500E6611E /* Frameworks */ = {
			isa = PBXFrameworksBuildPhase;
			buildActionMask = 2147483647;
			files = (
				C0E466D02F2622B900FA762A /* FirebaseAppDistribution-Beta in Frameworks */,
				C0E466DC2F2622B900FA762A /* FirebaseFirestore in Frameworks */,
				C0E466D42F2622B900FA762A /* FirebaseAuthCombine-Community in Frameworks */,
				C0E466E62F2622B900FA762A /* FirebaseInstallations in Frameworks */,
				C0E466C62F2622B900FA762A /* FirebaseAILogic in Frameworks */,
				C0E466CC2F2622B900FA762A /* FirebaseAnalyticsIdentitySupport in Frameworks */,
				C0E466C42F2622B900FA762A /* FirebaseAI in Frameworks */,
				C0E466D82F2622B900FA762A /* FirebaseCrashlytics in Frameworks */,
				C0E466E22F2622B900FA762A /* FirebaseFunctionsCombine-Community in Frameworks */,
				C0E466F22F2622B900FA762A /* FirebaseStorageCombine-Community in Frameworks */,
				C0E466DA2F2622B900FA762A /* FirebaseDatabase in Frameworks */,
				C0E466F02F2622B900FA762A /* FirebaseStorage in Frameworks */,
				C0E466EE2F2622B900FA762A /* FirebaseRemoteConfig in Frameworks */,
				C0E466C82F2622B900FA762A /* FirebaseAnalytics in Frameworks */,
				C0E466E82F2622B900FA762A /* FirebaseMLModelDownloader in Frameworks */,
				C0E466EC2F2622B900FA762A /* FirebasePerformance in Frameworks */,
				C0E466D62F2622B900FA762A /* FirebaseCore in Frameworks */,
				C0E466CE2F2622B900FA762A /* FirebaseAppCheck in Frameworks */,
				C0E466CA2F2622B900FA762A /* FirebaseAnalyticsCore in Frameworks */,
				C0E466E02F2622B900FA762A /* FirebaseFunctions in Frameworks */,
				C0E466D22F2622B900FA762A /* FirebaseAuth in Frameworks */,
				C0E466DE2F2622B900FA762A /* FirebaseFirestoreCombine-Community in Frameworks */,
			);
			runOnlyForDeploymentPostprocessing = 0;
		};
/* End PBXFrameworksBuildPhase section */

/* Begin PBXGroup section */
		C0D347902F1DDDB500E6611E = {
			isa = PBXGroup;
			children = (
				C0D3479B2F1DDDB500E6611E /* TikTokTutorialPro */,
				C0D3479A2F1DDDB500E6611E /* Products */,
			);
			sourceTree = "<group>";
		};
		C0D3479A2F1DDDB500E6611E /* Products */ = {
			isa = PBXGroup;
			children = (
				C0D347992F1DDDB500E6611E /* TikTokTutorialPro.app */,
			);
			name = Products;
			sourceTree = "<group>";
		};
/* End PBXGroup section */

/* Begin PBXNativeTarget section */
		C0D347982F1DDDB500E6611E /* TikTokTutorialPro */ = {
			isa = PBXNativeTarget;
			buildConfigurationList = C0D347A42F1DDDB700E6611E /* Build configuration list for PBXNativeTarget "TikTokTutorialPro" */;
			buildPhases = (
				C0D347952F1DDDB500E6611E /* Sources */,
				C0D347962F1DDDB500E6611E /* Frameworks */,
				C0D347972F1DDDB500E6611E /* Resources */,
			);
			buildRules = (
			);
			dependencies = (
			);
			fileSystemSynchronizedGroups = (
				C0D3479B2F1DDDB500E6611E /* TikTokTutorialPro */,
			);
			name = TikTokTutorialPro;
			packageProductDependencies = (
				C0E466C32F2622B900FA762A /* FirebaseAI */,
				C0E466C52F2622B900FA762A /* FirebaseAILogic */,
				C0E466C72F2622B900FA762A /* FirebaseAnalytics */,
				C0E466C92F2622B900FA762A /* FirebaseAnalyticsCore */,
				C0E466CB2F2622B900FA762A /* FirebaseAnalyticsIdentitySupport */,
				C0E466CD2F2622B900FA762A /* FirebaseAppCheck */,
				C0E466CF2F2622B900FA762A /* FirebaseAppDistribution-Beta */,
				C0E466D12F2622B900FA762A /* FirebaseAuth */,
				C0E466D32F2622B900FA762A /* FirebaseAuthCombine-Community */,
				C0E466D52F2622B900FA762A /* FirebaseCore */,
				C0E466D72F2622B900FA762A /* FirebaseCrashlytics */,
				C0E466D92F2622B900FA762A /* FirebaseDatabase */,
				C0E466DB2F2622B900FA762A /* FirebaseFirestore */,
				C0E466DD2F2622B900FA762A /* FirebaseFirestoreCombine-Community */,
				C0E466DF2F2622B900FA762A /* FirebaseFunctions */,
				C0E466E12F2622B900FA762A /* FirebaseFunctionsCombine-Community */,
				C0E466E52F2622B900FA762A /* FirebaseInstallations */,
				C0E466E72F2622B900FA762A /* FirebaseMLModelDownloader */,
				C0E466EB2F2622B900FA762A /* FirebasePerformance */,
				C0E466ED2F2622B900FA762A /* FirebaseRemoteConfig */,
				C0E466EF2F2622B900FA762A /* FirebaseStorage */,
				C0E466F12F2622B900FA762A /* FirebaseStorageCombine-Community */,
			);
			productName = TikTokTutorialPro;
			productReference = C0D347992F1DDDB500E6611E /* TikTokTutorialPro.app */;
			productType = "com.apple.product-type.application";
		};
/* End PBXNativeTarget section */

/* Begin PBXProject section */
		C0D347912F1DDDB500E6611E /* Project object */ = {
			isa = PBXProject;
			attributes = {
				BuildIndependentTargetsInParallel = 1;
				LastSwiftUpdateCheck = 1640;
				LastUpgradeCheck = 1640;
				TargetAttributes = {
					C0D347982F1DDDB500E6611E = {
						CreatedOnToolsVersion = 16.4;
					};
				};
			};
			buildConfigurationList = C0D347942F1DDDB500E6611E /* Build configuration list for PBXProject "TikTokTutorialPro" */;
			developmentRegion = en;
			hasScannedForEncodings = 0;
			knownRegions = (
				en,
				Base,
			);
			mainGroup = C0D347902F1DDDB500E6611E;
			minimizedProjectReferenceProxies = 1;
			packageReferences = (
				C0E466C22F2622B900FA762A /* XCRemoteSwiftPackageReference "firebase-ios-sdk" */,
			);
			preferredProjectObjectVersion = 77;
			productRefGroup = C0D3479A2F1DDDB500E6611E /* Products */;
			projectDirPath = "";
			projectRoot = "";
			targets = (
				C0D347982F1DDDB500E6611E /* TikTokTutorialPro */,
			);
		};
/* End PBXProject section */

/* Begin PBXResourcesBuildPhase section */
		C0D347972F1DDDB500E6611E /* Resources */ = {
			isa = PBXResourcesBuildPhase;
			buildActionMask = 2147483647;
			files = (
			);
			runOnlyForDeploymentPostprocessing = 0;
		};
/* End PBXResourcesBuildPhase section */

/* Begin PBXSourcesBuildPhase section */
		C0D347952F1DDDB500E6611E /* Sources */ = {
			isa = PBXSourcesBuildPhase;
			buildActionMask = 2147483647;
			files = (
			);
			runOnlyForDeploymentPostprocessing = 0;
		};
/* End PBXSourcesBuildPhase section */

/* Begin XCBuildConfiguration section */
		C0D347A22F1DDDB700E6611E /* Debug */ = {
			isa = XCBuildConfiguration;
			buildSettings = {
				ALWAYS_SEARCH_USER_PATHS = NO;
				ASSETCATALOG_COMPILER_GENERATE_SWIFT_ASSET_SYMBOL_EXTENSIONS = YES;
				CLANG_ANALYZER_NONNULL = YES;
				CLANG_ANALYZER_NUMBER_OBJECT_CONVERSION = YES_AGGRESSIVE;
				CLANG_CXX_LANGUAGE_STANDARD = "gnu++20";
				CLANG_ENABLE_MODULES = YES;
				CLANG_ENABLE_OBJC_ARC = YES;
				CLANG_ENABLE_OBJC_WEAK = YES;
				CLANG_WARN_BLOCK_CAPTURE_AUTORELEASING = YES;
				CLANG_WARN_BOOL_CONVERSION = YES;
				CLANG_WARN_COMMA = YES;
				CLANG_WARN_CONSTANT_CONVERSION = YES;
				CLANG_WARN_DEPRECATED_OBJC_IMPLEMENTATIONS = YES;
				CLANG_WARN_DIRECT_OBJC_ISA_USAGE = YES_ERROR;
				CLANG_WARN_DOCUMENTATION_COMMENTS = YES;
				CLANG_WARN_EMPTY_BODY = YES;
				CLANG_WARN_ENUM_CONVERSION = YES;
				CLANG_WARN_INFINITE_RECURSION = YES;
				CLANG_WARN_INT_CONVERSION = YES;
				CLANG_WARN_NON_LITERAL_NULL_CONVERSION = YES;
				CLANG_WARN_OBJC_IMPLICIT_RETAIN_SELF = YES;
				CLANG_WARN_OBJC_LITERAL_CONVERSION = YES;
				CLANG_WARN_OBJC_ROOT_CLASS = YES_ERROR;
				CLANG_WARN_QUOTED_INCLUDE_IN_FRAMEWORK_HEADER = YES;
				CLANG_WARN_RANGE_LOOP_ANALYSIS = YES;
				CLANG_WARN_STRICT_PROTOTYPES = YES;
				CLANG_WARN_SUSPICIOUS_MOVE = YES;
				CLANG_WARN_UNGUARDED_AVAILABILITY = YES_AGGRESSIVE;
				CLANG_WARN_UNREACHABLE_CODE = YES;
				CLANG_WARN__DUPLICATE_METHOD_MATCH = YES;
				COPY_PHASE_STRIP = NO;
				DEBUG_INFORMATION_FORMAT = dwarf;
				ENABLE_STRICT_OBJC_MSGSEND = YES;
				ENABLE_TESTABILITY = YES;
				ENABLE_USER_SCRIPT_SANDBOXING = YES;
				GCC_C_LANGUAGE_STANDARD = gnu17;
				GCC_DYNAMIC_NO_PIC = NO;
				GCC_NO_COMMON_BLOCKS = YES;
				GCC_OPTIMIZATION_LEVEL = 0;
				GCC_PREPROCESSOR_DEFINITIONS = (
					"DEBUG=1",
					"$(inherited)",
				);
				GCC_WARN_64_TO_32_BIT_CONVERSION = YES;
				GCC_WARN_ABOUT_RETURN_TYPE = YES_ERROR;
				GCC_WARN_UNDECLARED_SELECTOR = YES;
				GCC_WARN_UNINITIALIZED_AUTOS = YES_AGGRESSIVE;
				GCC_WARN_UNUSED_FUNCTION = YES;
				GCC_WARN_UNUSED_VARIABLE = YES;
				IPHONEOS_DEPLOYMENT_TARGET = 18.5;
				LOCALIZATION_PREFERS_STRING_CATALOGS = YES;
				MTL_ENABLE_DEBUG_INFO = INCLUDE_SOURCE;
				MTL_FAST_MATH = YES;
				ONLY_ACTIVE_ARCH = YES;
				SDKROOT = iphoneos;
				SWIFT_ACTIVE_COMPILATION_CONDITIONS = "DEBUG $(inherited)";
				SWIFT_OPTIMIZATION_LEVEL = "-Onone";
			};
			name = Debug;
		};
		C0D347A32F1DDDB700E6611E /* Release */ = {
			isa = XCBuildConfiguration;
			buildSettings = {
				ALWAYS_SEARCH_USER_PATHS = NO;
				ASSETCATALOG_COMPILER_GENERATE_SWIFT_ASSET_SYMBOL_EXTENSIONS = YES;
				CLANG_ANALYZER_NONNULL = YES;
				CLANG_ANALYZER_NUMBER_OBJECT_CONVERSION = YES_AGGRESSIVE;
				CLANG_CXX_LANGUAGE_STANDARD = "gnu++20";
				CLANG_ENABLE_MODULES = YES;
				CLANG_ENABLE_OBJC_ARC = YES;
				CLANG_ENABLE_OBJC_WEAK = YES;
				CLANG_WARN_BLOCK_CAPTURE_AUTORELEASING = YES;
				CLANG_WARN_BOOL_CONVERSION = YES;
				CLANG_WARN_COMMA = YES;
				CLANG_WARN_CONSTANT_CONVERSION = YES;
				CLANG_WARN_DEPRECATED_OBJC_IMPLEMENTATIONS = YES;
				CLANG_WARN_DIRECT_OBJC_ISA_USAGE = YES_ERROR;
				CLANG_WARN_DOCUMENTATION_COMMENTS = YES;
				CLANG_WARN_EMPTY_BODY = YES;
				CLANG_WARN_ENUM_CONVERSION = YES;
				CLANG_WARN_INFINITE_RECURSION = YES;
				CLANG_WARN_INT_CONVERSION = YES;
				CLANG_WARN_NON_LITERAL_NULL_CONVERSION = YES;
				CLANG_WARN_OBJC_IMPLICIT_RETAIN_SELF = YES;
				CLANG_WARN_OBJC_LITERAL_CONVERSION = YES;
				CLANG_WARN_OBJC_ROOT_CLASS = YES_ERROR;
				CLANG_WARN_QUOTED_INCLUDE_IN_FRAMEWORK_HEADER = YES;
				CLANG_WARN_RANGE_LOOP_ANALYSIS = YES;
				CLANG_WARN_STRICT_PROTOTYPES = YES;
				CLANG_WARN_SUSPICIOUS_MOVE = YES;
				CLANG_WARN_UNGUARDED_AVAILABILITY = YES_AGGRESSIVE;
				CLANG_WARN_UNREACHABLE_CODE = YES;
				CLANG_WARN__DUPLICATE_METHOD_MATCH = YES;
				COPY_PHASE_STRIP = NO;
				DEBUG_INFORMATION_FORMAT = "dwarf-with-dsym";
				ENABLE_NS_ASSERTIONS = NO;
				ENABLE_STRICT_OBJC_MSGSEND = YES;
				ENABLE_USER_SCRIPT_SANDBOXING = YES;
				GCC_C_LANGUAGE_STANDARD = gnu17;
				GCC_NO_COMMON_BLOCKS = YES;
				GCC_WARN_64_TO_32_BIT_CONVERSION = YES;
				GCC_WARN_ABOUT_RETURN_TYPE = YES_ERROR;
				GCC_WARN_UNDECLARED_SELECTOR = YES;
				GCC_WARN_UNINITIALIZED_AUTOS = YES_AGGRESSIVE;
				GCC_WARN_UNUSED_FUNCTION = YES;
				GCC_WARN_UNUSED_VARIABLE = YES;
				IPHONEOS_DEPLOYMENT_TARGET = 18.5;
				LOCALIZATION_PREFERS_STRING_CATALOGS = YES;
				MTL_ENABLE_DEBUG_INFO = NO;
				MTL_FAST_MATH = YES;
				SDKROOT = iphoneos;
				SWIFT_COMPILATION_MODE = wholemodule;
				VALIDATE_PRODUCT = YES;
			};
			name = Release;
		};
		C0D347A52F1DDDB700E6611E /* Debug */ = {
			isa = XCBuildConfiguration;
			buildSettings = {
				ASSETCATALOG_COMPILER_APPICON_NAME = AppIcon;
				ASSETCATALOG_COMPILER_GLOBAL_ACCENT_COLOR_NAME = AccentColor;
				CODE_SIGN_STYLE = Automatic;
				CURRENT_PROJECT_VERSION = 1;
				ENABLE_PREVIEWS = YES;
				GENERATE_INFOPLIST_FILE = YES;
				INFOPLIST_KEY_UIApplicationSceneManifest_Generation = YES;
				INFOPLIST_KEY_UIApplicationSupportsIndirectInputEvents = YES;
				INFOPLIST_KEY_UILaunchScreen_Generation = YES;
				INFOPLIST_KEY_UISupportedInterfaceOrientations_iPad = "UIInterfaceOrientationPortrait UIInterfaceOrientationPortraitUpsideDown UIInterfaceOrientationLandscapeLeft UIInterfaceOrientationLandscapeRight";
				INFOPLIST_KEY_UISupportedInterfaceOrientations_iPhone = "UIInterfaceOrientationPortrait UIInterfaceOrientationLandscapeLeft UIInterfaceOrientationLandscapeRight";
				LD_RUNPATH_SEARCH_PATHS = (
					"$(inherited)",
					"@executable_path/Frameworks",
				);
				MARKETING_VERSION = 1.0;
				PRODUCT_BUNDLE_IDENTIFIER = abc.TikTokTutorialPro;
				PRODUCT_NAME = "$(TARGET_NAME)";
				SWIFT_EMIT_LOC_STRINGS = YES;
				SWIFT_VERSION = 5.0;
				TARGETED_DEVICE_FAMILY = "1,2";
			};
			name = Debug;
		};
		C0D347A62F1DDDB700E6611E /* Release */ = {
			isa = XCBuildConfiguration;
			buildSettings = {
				ASSETCATALOG_COMPILER_APPICON_NAME = AppIcon;
				ASSETCATALOG_COMPILER_GLOBAL_ACCENT_COLOR_NAME = AccentColor;
				CODE_SIGN_STYLE = Automatic;
				CURRENT_PROJECT_VERSION = 1;
				ENABLE_PREVIEWS = YES;
				GENERATE_INFOPLIST_FILE = YES;
				INFOPLIST_KEY_UIApplicationSceneManifest_Generation = YES;
				INFOPLIST_KEY_UIApplicationSupportsIndirectInputEvents = YES;
				INFOPLIST_KEY_UILaunchScreen_Generation = YES;
				INFOPLIST_KEY_UISupportedInterfaceOrientations_iPad = "UIInterfaceOrientationPortrait UIInterfaceOrientationPortraitUpsideDown UIInterfaceOrientationLandscapeLeft UIInterfaceOrientationLandscapeRight";
				INFOPLIST_KEY_UISupportedInterfaceOrientations_iPhone = "UIInterfaceOrientationPortrait UIInterfaceOrientationLandscapeLeft UIInterfaceOrientationLandscapeRight";
				LD_RUNPATH_SEARCH_PATHS = (
					"$(inherited)",
					"@executable_path/Frameworks",
				);
				MARKETING_VERSION = 1.0;
				PRODUCT_BUNDLE_IDENTIFIER = abc.TikTokTutorialPro;
				PRODUCT_NAME = "$(TARGET_NAME)";
				SWIFT_EMIT_LOC_STRINGS = YES;
				SWIFT_VERSION = 5.0;
				TARGETED_DEVICE_FAMILY = "1,2";
			};
			name = Release;
		};
/* End XCBuildConfiguration section */

/* Begin XCConfigurationList section */
		C0D347942F1DDDB500E6611E /* Build configuration list for PBXProject "TikTokTutorialPro" */ = {
			isa = XCConfigurationList;
			buildConfigurations = (
				C0D347A22F1DDDB700E6611E /* Debug */,
				C0D347A32F1DDDB700E6611E /* Release */,
			);
			defaultConfigurationIsVisible = 0;
			defaultConfigurationName = Release;
		};
		C0D347A42F1DDDB700E6611E /* Build configuration list for PBXNativeTarget "TikTokTutorialPro" */ = {
			isa = XCConfigurationList;
			buildConfigurations = (
				C0D347A52F1DDDB700E6611E /* Debug */,
				C0D347A62F1DDDB700E6611E /* Release */,
			);
			defaultConfigurationIsVisible = 0;
			defaultConfigurationName = Release;
		};
/* End XCConfigurationList section */

/* Begin XCRemoteSwiftPackageReference section */
		C0E466C22F2622B900FA762A /* XCRemoteSwiftPackageReference "firebase-ios-sdk" */ = {
			isa = XCRemoteSwiftPackageReference;
			repositoryURL = "https://github.com/firebase/firebase-ios-sdk";
			requirement = {
				kind = upToNextMajorVersion;
				minimumVersion = 12.8.0;
			};
		};
/* End XCRemoteSwiftPackageReference section */

/* Begin XCSwiftPackageProductDependency section */
		C0E466C32F2622B900FA762A /* FirebaseAI */ = {
			isa = XCSwiftPackageProductDependency;
			package = C0E466C22F2622B900FA762A /* XCRemoteSwiftPackageReference "firebase-ios-sdk" */;
			productName = FirebaseAI;
		};
		C0E466C52F2622B900FA762A /* FirebaseAILogic */ = {
			isa = XCSwiftPackageProductDependency;
			package = C0E466C22F2622B900FA762A /* XCRemoteSwiftPackageReference "firebase-ios-sdk" */;
			productName = FirebaseAILogic;
		};
		C0E466C72F2622B900FA762A /* FirebaseAnalytics */ = {
			isa = XCSwiftPackageProductDependency;
			package = C0E466C22F2622B900FA762A /* XCRemoteSwiftPackageReference "firebase-ios-sdk" */;
			productName = FirebaseAnalytics;
		};
		C0E466C92F2622B900FA762A /* FirebaseAnalyticsCore */ = {
			isa = XCSwiftPackageProductDependency;
			package = C0E466C22F2622B900FA762A /* XCRemoteSwiftPackageReference "firebase-ios-sdk" */;
			productName = FirebaseAnalyticsCore;
		};
		C0E466CB2F2622B900FA762A /* FirebaseAnalyticsIdentitySupport */ = {
			isa = XCSwiftPackageProductDependency;
			package = C0E466C22F2622B900FA762A /* XCRemoteSwiftPackageReference "firebase-ios-sdk" */;
			productName = FirebaseAnalyticsIdentitySupport;
		};
		C0E466CD2F2622B900FA762A /* FirebaseAppCheck */ = {
			isa = XCSwiftPackageProductDependency;
			package = C0E466C22F2622B900FA762A /* XCRemoteSwiftPackageReference "firebase-ios-sdk" */;
			productName = FirebaseAppCheck;
		};
		C0E466CF2F2622B900FA762A /* FirebaseAppDistribution-Beta */ = {
			isa = XCSwiftPackageProductDependency;
			package = C0E466C22F2622B900FA762A /* XCRemoteSwiftPackageReference "firebase-ios-sdk" */;
			productName = "FirebaseAppDistribution-Beta";
		};
		C0E466D12F2622B900FA762A /* FirebaseAuth */ = {
			isa = XCSwiftPackageProductDependency;
			package = C0E466C22F2622B900FA762A /* XCRemoteSwiftPackageReference "firebase-ios-sdk" */;
			productName = FirebaseAuth;
		};
		C0E466D32F2622B900FA762A /* FirebaseAuthCombine-Community */ = {
			isa = XCSwiftPackageProductDependency;
			package = C0E466C22F2622B900FA762A /* XCRemoteSwiftPackageReference "firebase-ios-sdk" */;
			productName = "FirebaseAuthCombine-Community";
		};
		C0E466D52F2622B900FA762A /* FirebaseCore */ = {
			isa = XCSwiftPackageProductDependency;
			package = C0E466C22F2622B900FA762A /* XCRemoteSwiftPackageReference "firebase-ios-sdk" */;
			productName = FirebaseCore;
		};
		C0E466D72F2622B900FA762A /* FirebaseCrashlytics */ = {
			isa = XCSwiftPackageProductDependency;
			package = C0E466C22F2622B900FA762A /* XCRemoteSwiftPackageReference "firebase-ios-sdk" */;
			productName = FirebaseCrashlytics;
		};
		C0E466D92F2622B900FA762A /* FirebaseDatabase */ = {
			isa = XCSwiftPackageProductDependency;
			package = C0E466C22F2622B900FA762A /* XCRemoteSwiftPackageReference "firebase-ios-sdk" */;
			productName = FirebaseDatabase;
		};
		C0E466DB2F2622B900FA762A /* FirebaseFirestore */ = {
			isa = XCSwiftPackageProductDependency;
			package = C0E466C22F2622B900FA762A /* XCRemoteSwiftPackageReference "firebase-ios-sdk" */;
			productName = FirebaseFirestore;
		};
		C0E466DD2F2622B900FA762A /* FirebaseFirestoreCombine-Community */ = {
			isa = XCSwiftPackageProductDependency;
			package = C0E466C22F2622B900FA762A /* XCRemoteSwiftPackageReference "firebase-ios-sdk" */;
			productName = "FirebaseFirestoreCombine-Community";
		};
		C0E466DF2F2622B900FA762A /* FirebaseFunctions */ = {
			isa = XCSwiftPackageProductDependency;
			package = C0E466C22F2622B900FA762A /* XCRemoteSwiftPackageReference "firebase-ios-sdk" */;
			productName = FirebaseFunctions;
		};
		C0E466E12F2622B900FA762A /* FirebaseFunctionsCombine-Community */ = {
			isa = XCSwiftPackageProductDependency;
			package = C0E466C22F2622B900FA762A /* XCRemoteSwiftPackageReference "firebase-ios-sdk" */;
			productName = "FirebaseFunctionsCombine-Community";
		};
		C0E466E52F2622B900FA762A /* FirebaseInstallations */ = {
			isa = XCSwiftPackageProductDependency;
			package = C0E466C22F2622B900FA762A /* XCRemoteSwiftPackageReference "firebase-ios-sdk" */;
			productName = FirebaseInstallations;
		};
		C0E466E72F2622B900FA762A /* FirebaseMLModelDownloader */ = {
			isa = XCSwiftPackageProductDependency;
			package = C0E466C22F2622B900FA762A /* XCRemoteSwiftPackageReference "firebase-ios-sdk" */;
			productName = FirebaseMLModelDownloader;
		};
		C0E466EB2F2622B900FA762A /* FirebasePerformance */ = {
			isa = XCSwiftPackageProductDependency;
			package = C0E466C22F2622B900FA762A /* XCRemoteSwiftPackageReference "firebase-ios-sdk" */;
			productName = FirebasePerformance;
		};
		C0E466ED2F2622B900FA762A /* FirebaseRemoteConfig */ = {
			isa = XCSwiftPackageProductDependency;
			package = C0E466C22F2622B900FA762A /* XCRemoteSwiftPackageReference "firebase-ios-sdk" */;
			productName = FirebaseRemoteConfig;
		};
		C0E466EF2F2622B900FA762A /* FirebaseStorage */ = {
			isa = XCSwiftPackageProductDependency;
			package = C0E466C22F2622B900FA762A /* XCRemoteSwiftPackageReference "firebase-ios-sdk" */;
			productName = FirebaseStorage;
		};
		C0E466F12F2622B900FA762A /* FirebaseStorageCombine-Community */ = {
			isa = XCSwiftPackageProductDependency;
			package = C0E466C22F2622B900FA762A /* XCRemoteSwiftPackageReference "firebase-ios-sdk" */;
			productName = "FirebaseStorageCombine-Community";
		};
/* End XCSwiftPackageProductDependency section */
	};
	rootObject = C0D347912F1DDDB500E6611E /* Project object */;
}
